
Microsoft Visual Studio Solution File, Format Version 12.00
# Visual Studio Version 16
VisualStudioVersion = 16.0.30114.105
MinimumVisualStudioVersion = 10.0.40219.1
Project("{FAE04EC0-301F-11D3-BF4B-00C04F79EFBC}") = "API", "API\API.csproj", "{F5B00C4C-73BA-4CE6-A97A-E5A09E5095E0}"
EndProject
Project("{FAE04EC0-301F-11D3-BF4B-00C04F79EFBC}") = "Core", "Core\Core.csproj", "{DAFE314B-3573-4B1C-A6A2-A824BBFAF4DD}"
EndProject
Project("{FAE04EC0-301F-11D3-BF4B-00C04F79EFBC}") = "Infrastructure", "Infrastructure\Infrastructure.csproj", "{C5D87F5C-0146-493E-A4D1-3110A30A1C09}"
EndProject
Global
	GlobalSection(SolutionConfigurationPlatforms) = preSolution
		Debug|Any CPU = Debug|Any CPU
		Debug|x64 = Debug|x64
		Debug|x86 = Debug|x86
		Release|Any CPU = Release|Any CPU
		Release|x64 = Release|x64
		Release|x86 = Release|x86
	EndGlobalSection
	GlobalSection(SolutionProperties) = preSolution
		HideSolutionNode = FALSE
	EndGlobalSection
	GlobalSection(ProjectConfigurationPlatforms) = postSolution
		{F5B00C4C-73BA-4CE6-A97A-E5A09E5095E0}.Debug|Any CPU.ActiveCfg = Debug|Any CPU
		{F5B00C4C-73BA-4CE6-A97A-E5A09E5095E0}.Debug|Any CPU.Build.0 = Debug|Any CPU
		{F5B00C4C-73BA-4CE6-A97A-E5A09E5095E0}.Debug|x64.ActiveCfg = Debug|Any CPU
		{F5B00C4C-73BA-4CE6-A97A-E5A09E5095E0}.Debug|x64.Build.0 = Debug|Any CPU
		{F5B00C4C-73BA-4CE6-A97A-E5A09E5095E0}.Debug|x86.ActiveCfg = Debug|Any CPU
		{F5B00C4C-73BA-4CE6-A97A-E5A09E5095E0}.Debug|x86.Build.0 = Debug|Any CPU
		{F5B00C4C-73BA-4CE6-A97A-E5A09E5095E0}.Release|Any CPU.ActiveCfg = Release|Any CPU
		{F5B00C4C-73BA-4CE6-A97A-E5A09E5095E0}.Release|Any CPU.Build.0 = Release|Any CPU
		{F5B00C4C-73BA-4CE6-A97A-E5A09E5095E0}.Release|x64.ActiveCfg = Release|Any CPU
		{F5B00C4C-73BA-4CE6-A97A-E5A09E5095E0}.Release|x64.Build.0 = Release|Any CPU
		{F5B00C4C-73BA-4CE6-A97A-E5A09E5095E0}.Release|x86.ActiveCfg = Release|Any CPU
		{F5B00C4C-73BA-4CE6-A97A-E5A09E5095E0}.Release|x86.Build.0 = Release|Any CPU
		{DAFE314B-3573-4B1C-A6A2-A824BBFAF4DD}.Debug|Any CPU.ActiveCfg = Debug|Any CPU
		{DAFE314B-3573-4B1C-A6A2-A824BBFAF4DD}.Debug|Any CPU.Build.0 = Debug|Any CPU
		{DAFE314B-3573-4B1C-A6A2-A824BBFAF4DD}.Debug|x64.ActiveCfg = Debug|Any CPU
		{DAFE314B-3573-4B1C-A6A2-A824BBFAF4DD}.Debug|x64.Build.0 = Debug|Any CPU
		{DAFE314B-3573-4B1C-A6A2-A824BBFAF4DD}.Debug|x86.ActiveCfg = Debug|Any CPU
		{DAFE314B-3573-4B1C-A6A2-A824BBFAF4DD}.Debug|x86.Build.0 = Debug|Any CPU
		{DAFE314B-3573-4B1C-A6A2-A824BBFAF4DD}.Release|Any CPU.ActiveCfg = Release|Any CPU
		{DAFE314B-3573-4B1C-A6A2-A824BBFAF4DD}.Release|Any CPU.Build.0 = Release|Any CPU
		{DAFE314B-3573-4B1C-A6A2-A824BBFAF4DD}.Release|x64.ActiveCfg = Release|Any CPU
		{DAFE314B-3573-4B1C-A6A2-A824BBFAF4DD}.Release|x64.Build.0 = Release|Any CPU
		{DAFE314B-3573-4B1C-A6A2-A824BBFAF4DD}.Release|x86.ActiveCfg = Release|Any CPU
		{DAFE314B-3573-4B1C-A6A2-A824BBFAF4DD}.Release|x86.Build.0 = Release|Any CPU
		{C5D87F5C-0146-493E-A4D1-3110A30A1C09}.Debug|Any CPU.ActiveCfg = Debug|Any CPU
		{C5D87F5C-0146-493E-A4D1-3110A30A1C09}.Debug|Any CPU.Build.0 = Debug|Any CPU
		{C5D87F5C-0146-493E-A4D1-3110A30A1C09}.Debug|x64.ActiveCfg = Debug|Any CPU
		{C5D87F5C-0146-493E-A4D1-3110A30A1C09}.Debug|x64.Build.0 = Debug|Any CPU
		{C5D87F5C-0146-493E-A4D1-3110A30A1C09}.Debug|x86.ActiveCfg = Debug|Any CPU
		{C5D87F5C-0146-493E-A4D1-3110A30A1C09}.Debug|x86.Build.0 = Debug|Any CPU
		{C5D87F5C-0146-493E-A4D1-3110A30A1C09}.Release|Any CPU.ActiveCfg = Release|Any CPU
		{C5D87F5C-0146-493E-A4D1-3110A30A1C09}.Release|Any CPU.Build.0 = Release|Any CPU
		{C5D87F5C-0146-493E-A4D1-3110A30A1C09}.Release|x64.ActiveCfg = Release|Any CPU
		{C5D87F5C-0146-493E-A4D1-3110A30A1C09}.Release|x64.Build.0 = Release|Any CPU
		{C5D87F5C-0146-493E-A4D1-3110A30A1C09}.Release|x86.ActiveCfg = Release|Any CPU
		{C5D87F5C-0146-493E-A4D1-3110A30A1C09}.Release|x86.Build.0 = Release|Any CPU
	EndGlobalSection
EndGlobal
